
Microsoft Visual Studio Solution File, Format Version 11.00
# Visual Studio 2010
Project("{FAE04EC0-301F-11D3-BF4B-00C04F79EFBC}") = "Hoopy 2", "Assembly-CSharp.csproj", "{7497C093-52FF-3FD2-35BA-1AEFEEFE5136}"
EndProject
Project("{FAE04EC0-301F-11D3-BF4B-00C04F79EFBC}") = "Hoopy 2", "Assembly-CSharp-Editor.csproj", "{FC23936D-C443-1E03-4AFB-64291F83DEE7}"
EndProject
Global
	GlobalSection(SolutionConfigurationPlatforms) = preSolution
		Debug|Any CPU = Debug|Any CPU
		Release|Any CPU = Release|Any CPU
	EndGlobalSection
	GlobalSection(ProjectConfigurationPlatforms) = postSolution
		{7497C093-52FF-3FD2-35BA-1AEFEEFE5136}.Debug|Any CPU.ActiveCfg = Debug|Any CPU
		{7497C093-52FF-3FD2-35BA-1AEFEEFE5136}.Debug|Any CPU.Build.0 = Debug|Any CPU
		{7497C093-52FF-3FD2-35BA-1AEFEEFE5136}.Release|Any CPU.ActiveCfg = Release|Any CPU
		{7497C093-52FF-3FD2-35BA-1AEFEEFE5136}.Release|Any CPU.Build.0 = Release|Any CPU
		{FC23936D-C443-1E03-4AFB-64291F83DEE7}.Debug|Any CPU.ActiveCfg = Debug|Any CPU
		{FC23936D-C443-1E03-4AFB-64291F83DEE7}.Debug|Any CPU.Build.0 = Debug|Any CPU
		{FC23936D-C443-1E03-4AFB-64291F83DEE7}.Release|Any CPU.ActiveCfg = Release|Any CPU
		{FC23936D-C443-1E03-4AFB-64291F83DEE7}.Release|Any CPU.Build.0 = Release|Any CPU
	EndGlobalSection
	GlobalSection(SolutionProperties) = preSolution
		HideSolutionNode = FALSE
	EndGlobalSection
	GlobalSection(MonoDevelopProperties) = preSolution
		StartupItem = Assembly-CSharp.csproj
	EndGlobalSection
EndGlobal
